// !$*UTF8*$!
{
	archiveVersion = 1;
	classes = {
	};
	objectVersion = 50;
	objects = {

/* Begin PBXBuildFile section */
		CA2A70F724E462A2001BA348 /* AppDelegate.swift in Sources */ = {isa = PBXBuildFile; fileRef = CA2A70F624E462A2001BA348 /* AppDelegate.swift */; };
		CA2A70F924E462A2001BA348 /* SceneDelegate.swift in Sources */ = {isa = PBXBuildFile; fileRef = CA2A70F824E462A2001BA348 /* SceneDelegate.swift */; };
		CA2A70FB24E462A2001BA348 /* ViewController.swift in Sources */ = {isa = PBXBuildFile; fileRef = CA2A70FA24E462A2001BA348 /* ViewController.swift */; };
		CA2A70FE24E462A2001BA348 /* Main.storyboard in Resources */ = {isa = PBXBuildFile; fileRef = CA2A70FC24E462A2001BA348 /* Main.storyboard */; };
		CA2A710024E462A4001BA348 /* Assets.xcassets in Resources */ = {isa = PBXBuildFile; fileRef = CA2A70FF24E462A4001BA348 /* Assets.xcassets */; };
		CA2A710324E462A4001BA348 /* LaunchScreen.storyboard in Resources */ = {isa = PBXBuildFile; fileRef = CA2A710124E462A4001BA348 /* LaunchScreen.storyboard */; };
		CA71751A256447B5006E6C91 /* WebKit.framework in Frameworks */ = {isa = PBXBuildFile; fileRef = CA717519256447B5006E6C91 /* WebKit.framework */; };
/* End PBXBuildFile section */

/* Begin PBXFileReference section */
		CA2A70F324E462A2001BA348 /* LwcTestApp.app */ = {isa = PBXFileReference; explicitFileType = wrapper.application; includeInIndex = 0; path = LwcTestApp.app; sourceTree = BUILT_PRODUCTS_DIR; };
		CA2A70F624E462A2001BA348 /* AppDelegate.swift */ = {isa = PBXFileReference; lastKnownFileType = sourcecode.swift; path = AppDelegate.swift; sourceTree = "<group>"; };
		CA2A70F824E462A2001BA348 /* SceneDelegate.swift */ = {isa = PBXFileReference; lastKnownFileType = sourcecode.swift; path = SceneDelegate.swift; sourceTree = "<group>"; };
		CA2A70FA24E462A2001BA348 /* ViewController.swift */ = {isa = PBXFileReference; lastKnownFileType = sourcecode.swift; path = ViewController.swift; sourceTree = "<group>"; };
		CA2A70FD24E462A2001BA348 /* Base */ = {isa = PBXFileReference; lastKnownFileType = file.storyboard; name = Base; path = Base.lproj/Main.storyboard; sourceTree = "<group>"; };
		CA2A70FF24E462A4001BA348 /* Assets.xcassets */ = {isa = PBXFileReference; lastKnownFileType = folder.assetcatalog; path = Assets.xcassets; sourceTree = "<group>"; };
		CA2A710224E462A4001BA348 /* Base */ = {isa = PBXFileReference; lastKnownFileType = file.storyboard; name = Base; path = Base.lproj/LaunchScreen.storyboard; sourceTree = "<group>"; };
		CA2A710424E462A4001BA348 /* Info.plist */ = {isa = PBXFileReference; lastKnownFileType = text.plist.xml; path = Info.plist; sourceTree = "<group>"; };
		CA717519256447B5006E6C91 /* WebKit.framework */ = {isa = PBXFileReference; lastKnownFileType = wrapper.framework; name = WebKit.framework; path = System/Library/Frameworks/WebKit.framework; sourceTree = SDKROOT; };
/* End PBXFileReference section */

/* Begin PBXFrameworksBuildPhase section */
		CA2A70F024E462A2001BA348 /* Frameworks */ = {
			isa = PBXFrameworksBuildPhase;
			buildActionMask = 2147483647;
			files = (
				CA71751A256447B5006E6C91 /* WebKit.framework in Frameworks */,
			);
			runOnlyForDeploymentPostprocessing = 0;
		};
/* End PBXFrameworksBuildPhase section */

/* Begin PBXGroup section */
		CA2A70EA24E462A2001BA348 = {
			isa = PBXGroup;
			children = (
				CA2A70F524E462A2001BA348 /* LwcTestApp */,
				CA2A70F424E462A2001BA348 /* Products */,
				CA717518256447B5006E6C91 /* Frameworks */,
			);
			sourceTree = "<group>";
		};
		CA2A70F424E462A2001BA348 /* Products */ = {
			isa = PBXGroup;
			children = (
				CA2A70F324E462A2001BA348 /* LwcTestApp.app */,
			);
			name = Products;
			sourceTree = "<group>";
		};
		CA2A70F524E462A2001BA348 /* LwcTestApp */ = {
			isa = PBXGroup;
			children = (
				CA2A70F624E462A2001BA348 /* AppDelegate.swift */,
				CA2A70F824E462A2001BA348 /* SceneDelegate.swift */,
				CA2A70FA24E462A2001BA348 /* ViewController.swift */,
				CA2A70FC24E462A2001BA348 /* Main.storyboard */,
				CA2A70FF24E462A4001BA348 /* Assets.xcassets */,
				CA2A710124E462A4001BA348 /* LaunchScreen.storyboard */,
				CA2A710424E462A4001BA348 /* Info.plist */,
			);
			path = LwcTestApp;
			sourceTree = "<group>";
		};
		CA717518256447B5006E6C91 /* Frameworks */ = {
			isa = PBXGroup;
			children = (
				CA717519256447B5006E6C91 /* WebKit.framework */,
			);
			name = Frameworks;
			sourceTree = "<group>";
		};
/* End PBXGroup section */

/* Begin PBXNativeTarget section */
		CA2A70F224E462A2001BA348 /* LwcTestApp */ = {
			isa = PBXNativeTarget;
			buildConfigurationList = CA2A710724E462A4001BA348 /* Build configuration list for PBXNativeTarget "LwcTestApp" */;
			buildPhases = (
				CA2A70EF24E462A2001BA348 /* Sources */,
				CA2A70F024E462A2001BA348 /* Frameworks */,
				CA2A70F124E462A2001BA348 /* Resources */,
			);
			buildRules = (
			);
			dependencies = (
			);
			name = LwcTestApp;
			productName = AppArgTest;
			productReference = CA2A70F324E462A2001BA348 /* LwcTestApp.app */;
			productType = "com.apple.product-type.application";
		};
/* End PBXNativeTarget section */

/* Begin PBXProject section */
		CA2A70EB24E462A2001BA348 /* Project object */ = {
			isa = PBXProject;
			attributes = {
				LastSwiftUpdateCheck = 1130;
				LastUpgradeCheck = 1130;
				ORGANIZATIONNAME = "My Organization";
				TargetAttributes = {
					CA2A70F224E462A2001BA348 = {
						CreatedOnToolsVersion = 11.3;
					};
				};
			};
			buildConfigurationList = CA2A70EE24E462A2001BA348 /* Build configuration list for PBXProject "LwcTestApp" */;
			compatibilityVersion = "Xcode 9.3";
			developmentRegion = en;
			hasScannedForEncodings = 0;
			knownRegions = (
				en,
				Base,
			);
			mainGroup = CA2A70EA24E462A2001BA348;
			productRefGroup = CA2A70F424E462A2001BA348 /* Products */;
			projectDirPath = "";
			projectRoot = "";
			targets = (
				CA2A70F224E462A2001BA348 /* LwcTestApp */,
			);
		};
/* End PBXProject section */

/* Begin PBXResourcesBuildPhase section */
		CA2A70F124E462A2001BA348 /* Resources */ = {
			isa = PBXResourcesBuildPhase;
			buildActionMask = 2147483647;
			files = (
				CA2A710324E462A4001BA348 /* LaunchScreen.storyboard in Resources */,
				CA2A710024E462A4001BA348 /* Assets.xcassets in Resources */,
				CA2A70FE24E462A2001BA348 /* Main.storyboard in Resources */,
			);
			runOnlyForDeploymentPostprocessing = 0;
		};
/* End PBXResourcesBuildPhase section */

/* Begin PBXSourcesBuildPhase section */
		CA2A70EF24E462A2001BA348 /* Sources */ = {
			isa = PBXSourcesBuildPhase;
			buildActionMask = 2147483647;
			files = (
				CA2A70FB24E462A2001BA348 /* ViewController.swift in Sources */,
				CA2A70F724E462A2001BA348 /* AppDelegate.swift in Sources */,
				CA2A70F924E462A2001BA348 /* SceneDelegate.swift in Sources */,
			);
			runOnlyForDeploymentPostprocessing = 0;
		};
/* End PBXSourcesBuildPhase section */

/* Begin PBXVariantGroup section */
		CA2A70FC24E462A2001BA348 /* Main.storyboard */ = {
			isa = PBXVariantGroup;
			children = (
				CA2A70FD24E462A2001BA348 /* Base */,
			);
			name = Main.storyboard;
			sourceTree = "<group>";
		};
		CA2A710124E462A4001BA348 /* LaunchScreen.storyboard */ = {
			isa = PBXVariantGroup;
			children = (
				CA2A710224E462A4001BA348 /* Base */,
			);
			name = LaunchScreen.storyboard;
			sourceTree = "<group>";
		};
/* End PBXVariantGroup section */

/* Begin XCBuildConfiguration section */
		CA2A710524E462A4001BA348 /* Debug */ = {
			isa = XCBuildConfiguration;
			buildSettings = {
				ALWAYS_SEARCH_USER_PATHS = NO;
				CLANG_ANALYZER_NONNULL = YES;
				CLANG_ANALYZER_NUMBER_OBJECT_CONVERSION = YES_AGGRESSIVE;
				CLANG_CXX_LANGUAGE_STANDARD = "gnu++14";
				CLANG_CXX_LIBRARY = "libc++";
				CLANG_ENABLE_MODULES = YES;
				CLANG_ENABLE_OBJC_ARC = YES;
				CLANG_ENABLE_OBJC_WEAK = YES;
				CLANG_WARN_BLOCK_CAPTURE_AUTORELEASING = YES;
				CLANG_WARN_BOOL_CONVERSION = YES;
				CLANG_WARN_COMMA = YES;
				CLANG_WARN_CONSTANT_CONVERSION = YES;
				CLANG_WARN_DEPRECATED_OBJC_IMPLEMENTATIONS = YES;
				CLANG_WARN_DIRECT_OBJC_ISA_USAGE = YES_ERROR;
				CLANG_WARN_DOCUMENTATION_COMMENTS = YES;
				CLANG_WARN_EMPTY_BODY = YES;
				CLANG_WARN_ENUM_CONVERSION = YES;
				CLANG_WARN_INFINITE_RECURSION = YES;
				CLANG_WARN_INT_CONVERSION = YES;
				CLANG_WARN_NON_LITERAL_NULL_CONVERSION = YES;
				CLANG_WARN_OBJC_IMPLICIT_RETAIN_SELF = YES;
				CLANG_WARN_OBJC_LITERAL_CONVERSION = YES;
				CLANG_WARN_OBJC_ROOT_CLASS = YES_ERROR;
				CLANG_WARN_RANGE_LOOP_ANALYSIS = YES;
				CLANG_WARN_STRICT_PROTOTYPES = YES;
				CLANG_WARN_SUSPICIOUS_MOVE = YES;
				CLANG_WARN_UNGUARDED_AVAILABILITY = YES_AGGRESSIVE;
				CLANG_WARN_UNREACHABLE_CODE = YES;
				CLANG_WARN__DUPLICATE_METHOD_MATCH = YES;
				COPY_PHASE_STRIP = NO;
				DEBUG_INFORMATION_FORMAT = dwarf;
				ENABLE_STRICT_OBJC_MSGSEND = YES;
				ENABLE_TESTABILITY = YES;
				GCC_C_LANGUAGE_STANDARD = gnu11;
				GCC_DYNAMIC_NO_PIC = NO;
				GCC_NO_COMMON_BLOCKS = YES;
				GCC_OPTIMIZATION_LEVEL = 0;
				GCC_PREPROCESSOR_DEFINITIONS = (
					"DEBUG=1",
					"$(inherited)",
				);
				GCC_WARN_64_TO_32_BIT_CONVERSION = YES;
				GCC_WARN_ABOUT_RETURN_TYPE = YES_ERROR;
				GCC_WARN_UNDECLARED_SELECTOR = YES;
				GCC_WARN_UNINITIALIZED_AUTOS = YES_AGGRESSIVE;
				GCC_WARN_UNUSED_FUNCTION = YES;
				GCC_WARN_UNUSED_VARIABLE = YES;
				IPHONEOS_DEPLOYMENT_TARGET = 13.2;
				MTL_ENABLE_DEBUG_INFO = INCLUDE_SOURCE;
				MTL_FAST_MATH = YES;
				ONLY_ACTIVE_ARCH = YES;
				SDKROOT = iphoneos;
				SWIFT_ACTIVE_COMPILATION_CONDITIONS = DEBUG;
				SWIFT_OPTIMIZATION_LEVEL = "-Onone";
			};
			name = Debug;
		};
		CA2A710624E462A4001BA348 /* Release */ = {
			isa = XCBuildConfiguration;
			buildSettings = {
				ALWAYS_SEARCH_USER_PATHS = NO;
				CLANG_ANALYZER_NONNULL = YES;
				CLANG_ANALYZER_NUMBER_OBJECT_CONVERSION = YES_AGGRESSIVE;
				CLANG_CXX_LANGUAGE_STANDARD = "gnu++14";
				CLANG_CXX_LIBRARY = "libc++";
				CLANG_ENABLE_MODULES = YES;
				CLANG_ENABLE_OBJC_ARC = YES;
				CLANG_ENABLE_OBJC_WEAK = YES;
				CLANG_WARN_BLOCK_CAPTURE_AUTORELEASING = YES;
				CLANG_WARN_BOOL_CONVERSION = YES;
				CLANG_WARN_COMMA = YES;
				CLANG_WARN_CONSTANT_CONVERSION = YES;
				CLANG_WARN_DEPRECATED_OBJC_IMPLEMENTATIONS = YES;
				CLANG_WARN_DIRECT_OBJC_ISA_USAGE = YES_ERROR;
				CLANG_WARN_DOCUMENTATION_COMMENTS = YES;
				CLANG_WARN_EMPTY_BODY = YES;
				CLANG_WARN_ENUM_CONVERSION = YES;
				CLANG_WARN_INFINITE_RECURSION = YES;
				CLANG_WARN_INT_CONVERSION = YES;
				CLANG_WARN_NON_LITERAL_NULL_CONVERSION = YES;
				CLANG_WARN_OBJC_IMPLICIT_RETAIN_SELF = YES;
				CLANG_WARN_OBJC_LITERAL_CONVERSION = YES;
				CLANG_WARN_OBJC_ROOT_CLASS = YES_ERROR;
				CLANG_WARN_RANGE_LOOP_ANALYSIS = YES;
				CLANG_WARN_STRICT_PROTOTYPES = YES;
				CLANG_WARN_SUSPICIOUS_MOVE = YES;
				CLANG_WARN_UNGUARDED_AVAILABILITY = YES_AGGRESSIVE;
				CLANG_WARN_UNREACHABLE_CODE = YES;
				CLANG_WARN__DUPLICATE_METHOD_MATCH = YES;
				COPY_PHASE_STRIP = NO;
				DEBUG_INFORMATION_FORMAT = "dwarf-with-dsym";
				ENABLE_NS_ASSERTIONS = NO;
				ENABLE_STRICT_OBJC_MSGSEND = YES;
				GCC_C_LANGUAGE_STANDARD = gnu11;
				GCC_NO_COMMON_BLOCKS = YES;
				GCC_WARN_64_TO_32_BIT_CONVERSION = YES;
				GCC_WARN_ABOUT_RETURN_TYPE = YES_ERROR;
				GCC_WARN_UNDECLARED_SELECTOR = YES;
				GCC_WARN_UNINITIALIZED_AUTOS = YES_AGGRESSIVE;
				GCC_WARN_UNUSED_FUNCTION = YES;
				GCC_WARN_UNUSED_VARIABLE = YES;
				IPHONEOS_DEPLOYMENT_TARGET = 13.2;
				MTL_ENABLE_DEBUG_INFO = NO;
				MTL_FAST_MATH = YES;
				SDKROOT = iphoneos;
				SWIFT_COMPILATION_MODE = wholemodule;
				SWIFT_OPTIMIZATION_LEVEL = "-O";
				VALIDATE_PRODUCT = YES;
			};
			name = Release;
		};
		CA2A710824E462A4001BA348 /* Debug */ = {
			isa = XCBuildConfiguration;
			buildSettings = {
				ASSETCATALOG_COMPILER_APPICON_NAME = AppIcon;
				CODE_SIGN_STYLE = Automatic;
				DEVELOPMENT_TEAM = "";
				INFOPLIST_FILE = LwcTestApp/Info.plist;
				LD_RUNPATH_SEARCH_PATHS = (
					"$(inherited)",
					"@executable_path/Frameworks",
				);
				PRODUCT_BUNDLE_IDENTIFIER = com.salesforce.mobiletooling.lwctestapp;
				PRODUCT_NAME = "$(TARGET_NAME)";
				SWIFT_VERSION = 5.0;
				TARGETED_DEVICE_FAMILY = "1,2";
			};
			name = Debug;
		};
		CA2A710924E462A4001BA348 /* Release */ = {
			isa = XCBuildConfiguration;
			buildSettings = {
				ASSETCATALOG_COMPILER_APPICON_NAME = AppIcon;
				CODE_SIGN_STYLE = Automatic;
				DEVELOPMENT_TEAM = "";
				INFOPLIST_FILE = LwcTestApp/Info.plist;
				LD_RUNPATH_SEARCH_PATHS = (
					"$(inherited)",
					"@executable_path/Frameworks",
				);
				PRODUCT_BUNDLE_IDENTIFIER = com.salesforce.mobiletooling.lwctestapp;
				PRODUCT_NAME = "$(TARGET_NAME)";
				SWIFT_VERSION = 5.0;
				TARGETED_DEVICE_FAMILY = "1,2";
			};
			name = Release;
		};
/* End XCBuildConfiguration section */

/* Begin XCConfigurationList section */
		CA2A70EE24E462A2001BA348 /* Build configuration list for PBXProject "LwcTestApp" */ = {
			isa = XCConfigurationList;
			buildConfigurations = (
				CA2A710524E462A4001BA348 /* Debug */,
				CA2A710624E462A4001BA348 /* Release */,
			);
			defaultConfigurationIsVisible = 0;
			defaultConfigurationName = Release;
		};
		CA2A710724E462A4001BA348 /* Build configuration list for PBXNativeTarget "LwcTestApp" */ = {
			isa = XCConfigurationList;
			buildConfigurations = (
				CA2A710824E462A4001BA348 /* Debug */,
				CA2A710924E462A4001BA348 /* Release */,
			);
			defaultConfigurationIsVisible = 0;
			defaultConfigurationName = Release;
		};
/* End XCConfigurationList section */
	};
	rootObject = CA2A70EB24E462A2001BA348 /* Project object */;
}
